
Microsoft Visual Studio Solution File, Format Version 12.00
# Visual Studio Version 17
VisualStudioVersion = 17.2.32616.157
MinimumVisualStudioVersion = 10.0.40219.1
Project("{8BC9CEB8-8B4A-11D0-8D11-00A0C91BC942}") = "operator5", "operator5.vcxproj", "{F5DD32C6-6D33-4AA9-9DC6-A03657DF005B}"
EndProject
Global
	GlobalSection(SolutionConfigurationPlatforms) = preSolution
		Debug|x64 = Debug|x64
		Debug|x86 = Debug|x86
		Release|x64 = Release|x64
		Release|x86 = Release|x86
	EndGlobalSection
	GlobalSection(ProjectConfigurationPlatforms) = postSolution
		{F5DD32C6-6D33-4AA9-9DC6-A03657DF005B}.Debug|x64.ActiveCfg = Debug|x64
		{F5DD32C6-6D33-4AA9-9DC6-A03657DF005B}.Debug|x64.Build.0 = Debug|x64
		{F5DD32C6-6D33-4AA9-9DC6-A03657DF005B}.Debug|x86.ActiveCfg = Debug|Win32
		{F5DD32C6-6D33-4AA9-9DC6-A03657DF005B}.Debug|x86.Build.0 = Debug|Win32
		{F5DD32C6-6D33-4AA9-9DC6-A03657DF005B}.Release|x64.ActiveCfg = Release|x64
		{F5DD32C6-6D33-4AA9-9DC6-A03657DF005B}.Release|x64.Build.0 = Release|x64
		{F5DD32C6-6D33-4AA9-9DC6-A03657DF005B}.Release|x86.ActiveCfg = Release|Win32
		{F5DD32C6-6D33-4AA9-9DC6-A03657DF005B}.Release|x86.Build.0 = Release|Win32
	EndGlobalSection
	GlobalSection(SolutionProperties) = preSolution
		HideSolutionNode = FALSE
	EndGlobalSection
	GlobalSection(ExtensibilityGlobals) = postSolution
		SolutionGuid = {069AA5E1-665F-4C82-A89F-ADA6A9304BBF}
	EndGlobalSection
EndGlobal
