
Microsoft Visual Studio Solution File, Format Version 12.00
# Visual Studio Version 17
VisualStudioVersion = 17.2.32630.192
MinimumVisualStudioVersion = 10.0.40219.1
Project("{8BC9CEB8-8B4A-11D0-8D11-00A0C91BC942}") = "recursivefn", "recursivefn.vcxproj", "{BD3ED2FF-EC8C-4EDA-BCFB-CE6109D6B913}"
EndProject
Global
	GlobalSection(SolutionConfigurationPlatforms) = preSolution
		Debug|x64 = Debug|x64
		Debug|x86 = Debug|x86
		Release|x64 = Release|x64
		Release|x86 = Release|x86
	EndGlobalSection
	GlobalSection(ProjectConfigurationPlatforms) = postSolution
		{BD3ED2FF-EC8C-4EDA-BCFB-CE6109D6B913}.Debug|x64.ActiveCfg = Debug|x64
		{BD3ED2FF-EC8C-4EDA-BCFB-CE6109D6B913}.Debug|x64.Build.0 = Debug|x64
		{BD3ED2FF-EC8C-4EDA-BCFB-CE6109D6B913}.Debug|x86.ActiveCfg = Debug|Win32
		{BD3ED2FF-EC8C-4EDA-BCFB-CE6109D6B913}.Debug|x86.Build.0 = Debug|Win32
		{BD3ED2FF-EC8C-4EDA-BCFB-CE6109D6B913}.Release|x64.ActiveCfg = Release|x64
		{BD3ED2FF-EC8C-4EDA-BCFB-CE6109D6B913}.Release|x64.Build.0 = Release|x64
		{BD3ED2FF-EC8C-4EDA-BCFB-CE6109D6B913}.Release|x86.ActiveCfg = Release|Win32
		{BD3ED2FF-EC8C-4EDA-BCFB-CE6109D6B913}.Release|x86.Build.0 = Release|Win32
	EndGlobalSection
	GlobalSection(SolutionProperties) = preSolution
		HideSolutionNode = FALSE
	EndGlobalSection
	GlobalSection(ExtensibilityGlobals) = postSolution
		SolutionGuid = {A9E0B28E-AE53-44E1-97C0-480A8CBED2D7}
	EndGlobalSection
EndGlobal
